
Microsoft Visual Studio Solution File, Format Version 12.00
# Visual Studio Version 17
VisualStudioVersion = 17.0.31903.59
MinimumVisualStudioVersion = 10.0.40219.1
Project("{2150E333-8FDC-42A3-9474-1A3956D46DE8}") = "src", "src", "{7E342E8C-FE9B-432B-A06E-066D624B3D7A}"
EndProject
Project("{FAE04EC0-301F-11D3-BF4B-00C04F79EFBC}") = "API", "src\API\API.csproj", "{BA1C16B4-695A-4CAF-BCE8-2CA5B3D8826A}"
EndProject
Project("{FAE04EC0-301F-11D3-BF4B-00C04F79EFBC}") = "Domain", "src\Domain\Domain.csproj", "{3B8F13FA-738A-4CC7-B7E9-276296D8CC66}"
EndProject
Project("{FAE04EC0-301F-11D3-BF4B-00C04F79EFBC}") = "Infrastructure", "src\Infrastructure\Infrastructure.csproj", "{53EE3431-552A-496A-A50E-F21A4DDD2D43}"
EndProject
Project("{2150E333-8FDC-42A3-9474-1A3956D46DE8}") = "Tests", "Tests", "{14D65D42-6A4C-4F41-9523-758EE2D6A679}"
EndProject
Project("{FAE04EC0-301F-11D3-BF4B-00C04F79EFBC}") = "Test.Data", "src\Tests\Test.Data\Test.Data.csproj", "{92F734A5-BB51-40B3-863B-6859C79F7004}"
EndProject
Global
	GlobalSection(SolutionConfigurationPlatforms) = preSolution
		Debug|Any CPU = Debug|Any CPU
		Release|Any CPU = Release|Any CPU
	EndGlobalSection
	GlobalSection(SolutionProperties) = preSolution
		HideSolutionNode = FALSE
	EndGlobalSection
	GlobalSection(ProjectConfigurationPlatforms) = postSolution
		{BA1C16B4-695A-4CAF-BCE8-2CA5B3D8826A}.Debug|Any CPU.ActiveCfg = Debug|Any CPU
		{BA1C16B4-695A-4CAF-BCE8-2CA5B3D8826A}.Debug|Any CPU.Build.0 = Debug|Any CPU
		{BA1C16B4-695A-4CAF-BCE8-2CA5B3D8826A}.Release|Any CPU.ActiveCfg = Release|Any CPU
		{BA1C16B4-695A-4CAF-BCE8-2CA5B3D8826A}.Release|Any CPU.Build.0 = Release|Any CPU
		{3B8F13FA-738A-4CC7-B7E9-276296D8CC66}.Debug|Any CPU.ActiveCfg = Debug|Any CPU
		{3B8F13FA-738A-4CC7-B7E9-276296D8CC66}.Debug|Any CPU.Build.0 = Debug|Any CPU
		{3B8F13FA-738A-4CC7-B7E9-276296D8CC66}.Release|Any CPU.ActiveCfg = Release|Any CPU
		{3B8F13FA-738A-4CC7-B7E9-276296D8CC66}.Release|Any CPU.Build.0 = Release|Any CPU
		{53EE3431-552A-496A-A50E-F21A4DDD2D43}.Debug|Any CPU.ActiveCfg = Debug|Any CPU
		{53EE3431-552A-496A-A50E-F21A4DDD2D43}.Debug|Any CPU.Build.0 = Debug|Any CPU
		{53EE3431-552A-496A-A50E-F21A4DDD2D43}.Release|Any CPU.ActiveCfg = Release|Any CPU
		{53EE3431-552A-496A-A50E-F21A4DDD2D43}.Release|Any CPU.Build.0 = Release|Any CPU
		{8F3863EB-C9DF-4970-A178-FF65B2471FF5}.Debug|Any CPU.ActiveCfg = Debug|Any CPU
		{8F3863EB-C9DF-4970-A178-FF65B2471FF5}.Debug|Any CPU.Build.0 = Debug|Any CPU
		{8F3863EB-C9DF-4970-A178-FF65B2471FF5}.Release|Any CPU.ActiveCfg = Release|Any CPU
		{8F3863EB-C9DF-4970-A178-FF65B2471FF5}.Release|Any CPU.Build.0 = Release|Any CPU
		{C493A052-F808-4E09-B463-21ECAED238C5}.Debug|Any CPU.ActiveCfg = Debug|Any CPU
		{C493A052-F808-4E09-B463-21ECAED238C5}.Debug|Any CPU.Build.0 = Debug|Any CPU
		{C493A052-F808-4E09-B463-21ECAED238C5}.Release|Any CPU.ActiveCfg = Release|Any CPU
		{C493A052-F808-4E09-B463-21ECAED238C5}.Release|Any CPU.Build.0 = Release|Any CPU
		{0E0C7485-4C61-49A7-8E43-960AF4BA4020}.Debug|Any CPU.ActiveCfg = Debug|Any CPU
		{0E0C7485-4C61-49A7-8E43-960AF4BA4020}.Debug|Any CPU.Build.0 = Debug|Any CPU
		{0E0C7485-4C61-49A7-8E43-960AF4BA4020}.Release|Any CPU.ActiveCfg = Release|Any CPU
		{0E0C7485-4C61-49A7-8E43-960AF4BA4020}.Release|Any CPU.Build.0 = Release|Any CPU
		{AA120D81-8532-4CFD-8309-4B5765F713A8}.Debug|Any CPU.ActiveCfg = Debug|Any CPU
		{AA120D81-8532-4CFD-8309-4B5765F713A8}.Debug|Any CPU.Build.0 = Debug|Any CPU
		{AA120D81-8532-4CFD-8309-4B5765F713A8}.Release|Any CPU.ActiveCfg = Release|Any CPU
		{AA120D81-8532-4CFD-8309-4B5765F713A8}.Release|Any CPU.Build.0 = Release|Any CPU
		{92F734A5-BB51-40B3-863B-6859C79F7004}.Debug|Any CPU.ActiveCfg = Debug|Any CPU
		{92F734A5-BB51-40B3-863B-6859C79F7004}.Debug|Any CPU.Build.0 = Debug|Any CPU
		{92F734A5-BB51-40B3-863B-6859C79F7004}.Release|Any CPU.ActiveCfg = Release|Any CPU
		{92F734A5-BB51-40B3-863B-6859C79F7004}.Release|Any CPU.Build.0 = Release|Any CPU
	EndGlobalSection
	GlobalSection(NestedProjects) = preSolution
		{BA1C16B4-695A-4CAF-BCE8-2CA5B3D8826A} = {7E342E8C-FE9B-432B-A06E-066D624B3D7A}
		{3B8F13FA-738A-4CC7-B7E9-276296D8CC66} = {7E342E8C-FE9B-432B-A06E-066D624B3D7A}
		{53EE3431-552A-496A-A50E-F21A4DDD2D43} = {7E342E8C-FE9B-432B-A06E-066D624B3D7A}
		{C493A052-F808-4E09-B463-21ECAED238C5} = {F83977F1-87A7-4C3E-993E-D04DFD914FAE}
		{0E0C7485-4C61-49A7-8E43-960AF4BA4020} = {F83977F1-87A7-4C3E-993E-D04DFD914FAE}
		{AA120D81-8532-4CFD-8309-4B5765F713A8} = {F83977F1-87A7-4C3E-993E-D04DFD914FAE}
		{14D65D42-6A4C-4F41-9523-758EE2D6A679} = {7E342E8C-FE9B-432B-A06E-066D624B3D7A}
		{92F734A5-BB51-40B3-863B-6859C79F7004} = {14D65D42-6A4C-4F41-9523-758EE2D6A679}
	EndGlobalSection
EndGlobal
